
Microsoft Visual Studio Solution File, Format Version 12.00
# Visual Studio 15
VisualStudioVersion = 15.0.27130.2027
MinimumVisualStudioVersion = 10.0.40219.1
Project("{FAE04EC0-301F-11D3-BF4B-00C04F79EFBC}") = "PatternWithPattern", "PatternWithPattern\PatternWithPattern.csproj", "{C09BC1E3-5D2E-4FBA-BD3E-1CED91A5B39F}"
EndProject
Project("{FAE04EC0-301F-11D3-BF4B-00C04F79EFBC}") = "StrategyPatternClient", "MutiplePatternClient1\StrategyPatternClient.csproj", "{8DBC7F3B-E7B3-4C5F-ABAF-D19C82398FBF}"
EndProject
Project("{FAE04EC0-301F-11D3-BF4B-00C04F79EFBC}") = "StrategyAdapterAddedClient", "MultiplePatternWithAdapterAddedClient2\StrategyAdapterAddedClient.csproj", "{4CD6469F-4499-4F4F-80CF-17FFA6FEA140}"
EndProject
Project("{FAE04EC0-301F-11D3-BF4B-00C04F79EFBC}") = "StrategyAdapterDecoratorPatternClient", "StrategyAdapterDecoratorPatternClient3\StrategyAdapterDecoratorPatternClient.csproj", "{DC71878D-E545-4E94-9D91-BD12AC676C67}"
EndProject
Project("{2150E333-8FDC-42A3-9474-1A3956D46DE8}") = "TestClients", "TestClients", "{B08F35C2-9EA2-404F-BE3D-34B10CA10A84}"
EndProject
Project("{FAE04EC0-301F-11D3-BF4B-00C04F79EFBC}") = "StrategyAdapterDecoratorAbstractFactoryClient", "StrategyAdapterDecoratorAbstractFactoryClient\StrategyAdapterDecoratorAbstractFactoryClient.csproj", "{D97D115F-E639-4521-AEF4-15ED924AA28D}"
EndProject
Project("{FAE04EC0-301F-11D3-BF4B-00C04F79EFBC}") = "StrategyAdapterDecoratorAbstractCompositeClient", "StrategyAdapterDecoratorAbstractCompositeClient\StrategyAdapterDecoratorAbstractCompositeClient.csproj", "{51642813-8C8E-4CB7-AEA6-DCA6FE00752C}"
EndProject
Global
	GlobalSection(SolutionConfigurationPlatforms) = preSolution
		Debug|Any CPU = Debug|Any CPU
		Release|Any CPU = Release|Any CPU
	EndGlobalSection
	GlobalSection(ProjectConfigurationPlatforms) = postSolution
		{C09BC1E3-5D2E-4FBA-BD3E-1CED91A5B39F}.Debug|Any CPU.ActiveCfg = Debug|Any CPU
		{C09BC1E3-5D2E-4FBA-BD3E-1CED91A5B39F}.Debug|Any CPU.Build.0 = Debug|Any CPU
		{C09BC1E3-5D2E-4FBA-BD3E-1CED91A5B39F}.Release|Any CPU.ActiveCfg = Release|Any CPU
		{C09BC1E3-5D2E-4FBA-BD3E-1CED91A5B39F}.Release|Any CPU.Build.0 = Release|Any CPU
		{8DBC7F3B-E7B3-4C5F-ABAF-D19C82398FBF}.Debug|Any CPU.ActiveCfg = Debug|Any CPU
		{8DBC7F3B-E7B3-4C5F-ABAF-D19C82398FBF}.Debug|Any CPU.Build.0 = Debug|Any CPU
		{8DBC7F3B-E7B3-4C5F-ABAF-D19C82398FBF}.Release|Any CPU.ActiveCfg = Release|Any CPU
		{8DBC7F3B-E7B3-4C5F-ABAF-D19C82398FBF}.Release|Any CPU.Build.0 = Release|Any CPU
		{4CD6469F-4499-4F4F-80CF-17FFA6FEA140}.Debug|Any CPU.ActiveCfg = Debug|Any CPU
		{4CD6469F-4499-4F4F-80CF-17FFA6FEA140}.Debug|Any CPU.Build.0 = Debug|Any CPU
		{4CD6469F-4499-4F4F-80CF-17FFA6FEA140}.Release|Any CPU.ActiveCfg = Release|Any CPU
		{4CD6469F-4499-4F4F-80CF-17FFA6FEA140}.Release|Any CPU.Build.0 = Release|Any CPU
		{DC71878D-E545-4E94-9D91-BD12AC676C67}.Debug|Any CPU.ActiveCfg = Debug|Any CPU
		{DC71878D-E545-4E94-9D91-BD12AC676C67}.Debug|Any CPU.Build.0 = Debug|Any CPU
		{DC71878D-E545-4E94-9D91-BD12AC676C67}.Release|Any CPU.ActiveCfg = Release|Any CPU
		{DC71878D-E545-4E94-9D91-BD12AC676C67}.Release|Any CPU.Build.0 = Release|Any CPU
		{D97D115F-E639-4521-AEF4-15ED924AA28D}.Debug|Any CPU.ActiveCfg = Debug|Any CPU
		{D97D115F-E639-4521-AEF4-15ED924AA28D}.Debug|Any CPU.Build.0 = Debug|Any CPU
		{D97D115F-E639-4521-AEF4-15ED924AA28D}.Release|Any CPU.ActiveCfg = Release|Any CPU
		{D97D115F-E639-4521-AEF4-15ED924AA28D}.Release|Any CPU.Build.0 = Release|Any CPU
		{51642813-8C8E-4CB7-AEA6-DCA6FE00752C}.Debug|Any CPU.ActiveCfg = Debug|Any CPU
		{51642813-8C8E-4CB7-AEA6-DCA6FE00752C}.Debug|Any CPU.Build.0 = Debug|Any CPU
		{51642813-8C8E-4CB7-AEA6-DCA6FE00752C}.Release|Any CPU.ActiveCfg = Release|Any CPU
		{51642813-8C8E-4CB7-AEA6-DCA6FE00752C}.Release|Any CPU.Build.0 = Release|Any CPU
	EndGlobalSection
	GlobalSection(SolutionProperties) = preSolution
		HideSolutionNode = FALSE
	EndGlobalSection
	GlobalSection(NestedProjects) = preSolution
		{8DBC7F3B-E7B3-4C5F-ABAF-D19C82398FBF} = {B08F35C2-9EA2-404F-BE3D-34B10CA10A84}
		{4CD6469F-4499-4F4F-80CF-17FFA6FEA140} = {B08F35C2-9EA2-404F-BE3D-34B10CA10A84}
		{DC71878D-E545-4E94-9D91-BD12AC676C67} = {B08F35C2-9EA2-404F-BE3D-34B10CA10A84}
		{D97D115F-E639-4521-AEF4-15ED924AA28D} = {B08F35C2-9EA2-404F-BE3D-34B10CA10A84}
		{51642813-8C8E-4CB7-AEA6-DCA6FE00752C} = {B08F35C2-9EA2-404F-BE3D-34B10CA10A84}
	EndGlobalSection
	GlobalSection(ExtensibilityGlobals) = postSolution
		SolutionGuid = {EB520CBF-A43C-4D43-AF38-B62DB3F2D8FE}
	EndGlobalSection
EndGlobal
